
Microsoft Visual Studio Solution File, Format Version 12.00
# Visual Studio Version 17
VisualStudioVersion = 17.4.33205.214
MinimumVisualStudioVersion = 10.0.40219.1
Project("{FAE04EC0-301F-11D3-BF4B-00C04F79EFBC}") = "BLOG.View", "BLOG.View\BLOG.View.csproj", "{762FF07A-F06C-4E72-BCB4-67C4BE4B0401}"
EndProject
Project("{FAE04EC0-301F-11D3-BF4B-00C04F79EFBC}") = "BLOG.Services", "BLOG.Services\BLOG.Services.csproj", "{11C779C7-BE42-43D7-BCA0-43089705EB39}"
EndProject
Project("{FAE04EC0-301F-11D3-BF4B-00C04F79EFBC}") = "BLOG.DataAccess", "BLOG.DataAccess\BLOG.DataAccess.csproj", "{F73EBA8E-7830-40A4-A069-0BE52CA5949A}"
EndProject
Project("{FAE04EC0-301F-11D3-BF4B-00C04F79EFBC}") = "BLOG.Entities", "BLOG.Entities\BLOG.Entities.csproj", "{6EEFD1CB-0406-4DB5-A509-EE04382A8B9B}"
EndProject
Project("{FAE04EC0-301F-11D3-BF4B-00C04F79EFBC}") = "BLOG.Dtos", "BLOG.Dtos\BLOG.Dtos.csproj", "{D9832A5F-3240-4CC3-89F7-510DF47D9E4B}"
EndProject
Global
	GlobalSection(SolutionConfigurationPlatforms) = preSolution
		Debug|Any CPU = Debug|Any CPU
		Release|Any CPU = Release|Any CPU
	EndGlobalSection
	GlobalSection(ProjectConfigurationPlatforms) = postSolution
		{762FF07A-F06C-4E72-BCB4-67C4BE4B0401}.Debug|Any CPU.ActiveCfg = Debug|Any CPU
		{762FF07A-F06C-4E72-BCB4-67C4BE4B0401}.Debug|Any CPU.Build.0 = Debug|Any CPU
		{762FF07A-F06C-4E72-BCB4-67C4BE4B0401}.Release|Any CPU.ActiveCfg = Release|Any CPU
		{762FF07A-F06C-4E72-BCB4-67C4BE4B0401}.Release|Any CPU.Build.0 = Release|Any CPU
		{11C779C7-BE42-43D7-BCA0-43089705EB39}.Debug|Any CPU.ActiveCfg = Debug|Any CPU
		{11C779C7-BE42-43D7-BCA0-43089705EB39}.Debug|Any CPU.Build.0 = Debug|Any CPU
		{11C779C7-BE42-43D7-BCA0-43089705EB39}.Release|Any CPU.ActiveCfg = Release|Any CPU
		{11C779C7-BE42-43D7-BCA0-43089705EB39}.Release|Any CPU.Build.0 = Release|Any CPU
		{F73EBA8E-7830-40A4-A069-0BE52CA5949A}.Debug|Any CPU.ActiveCfg = Debug|Any CPU
		{F73EBA8E-7830-40A4-A069-0BE52CA5949A}.Debug|Any CPU.Build.0 = Debug|Any CPU
		{F73EBA8E-7830-40A4-A069-0BE52CA5949A}.Release|Any CPU.ActiveCfg = Release|Any CPU
		{F73EBA8E-7830-40A4-A069-0BE52CA5949A}.Release|Any CPU.Build.0 = Release|Any CPU
		{6EEFD1CB-0406-4DB5-A509-EE04382A8B9B}.Debug|Any CPU.ActiveCfg = Debug|Any CPU
		{6EEFD1CB-0406-4DB5-A509-EE04382A8B9B}.Debug|Any CPU.Build.0 = Debug|Any CPU
		{6EEFD1CB-0406-4DB5-A509-EE04382A8B9B}.Release|Any CPU.ActiveCfg = Release|Any CPU
		{6EEFD1CB-0406-4DB5-A509-EE04382A8B9B}.Release|Any CPU.Build.0 = Release|Any CPU
		{D9832A5F-3240-4CC3-89F7-510DF47D9E4B}.Debug|Any CPU.ActiveCfg = Debug|Any CPU
		{D9832A5F-3240-4CC3-89F7-510DF47D9E4B}.Debug|Any CPU.Build.0 = Debug|Any CPU
		{D9832A5F-3240-4CC3-89F7-510DF47D9E4B}.Release|Any CPU.ActiveCfg = Release|Any CPU
		{D9832A5F-3240-4CC3-89F7-510DF47D9E4B}.Release|Any CPU.Build.0 = Release|Any CPU
	EndGlobalSection
	GlobalSection(SolutionProperties) = preSolution
		HideSolutionNode = FALSE
	EndGlobalSection
	GlobalSection(ExtensibilityGlobals) = postSolution
		SolutionGuid = {D63C4A93-282C-45FD-AD43-5882566BEA68}
	EndGlobalSection
EndGlobal
